// !$*UTF8*$!
{
	archiveVersion = 1;
	classes = {
	};
	objectVersion = 55;
	objects = {

/* Begin PBXBuildFile section */
		0594A3AB28DDC783003966EE /* AppDelegate.swift in Sources */ = {isa = PBXBuildFile; fileRef = 0594A3AA28DDC783003966EE /* AppDelegate.swift */; };
		0594A3AD28DDC783003966EE /* SceneDelegate.swift in Sources */ = {isa = PBXBuildFile; fileRef = 0594A3AC28DDC783003966EE /* SceneDelegate.swift */; };
		0594A3AF28DDC783003966EE /* ViewController.swift in Sources */ = {isa = PBXBuildFile; fileRef = 0594A3AE28DDC783003966EE /* ViewController.swift */; };
		0594A3B228DDC783003966EE /* Main.storyboard in Resources */ = {isa = PBXBuildFile; fileRef = 0594A3B028DDC783003966EE /* Main.storyboard */; };
		0594A3B428DDC785003966EE /* Assets.xcassets in Resources */ = {isa = PBXBuildFile; fileRef = 0594A3B328DDC785003966EE /* Assets.xcassets */; };
		0594A3B728DDC785003966EE /* LaunchScreen.storyboard in Resources */ = {isa = PBXBuildFile; fileRef = 0594A3B528DDC785003966EE /* LaunchScreen.storyboard */; };
		05A42A6A291E63560029B281 /* InfoViewController.swift in Sources */ = {isa = PBXBuildFile; fileRef = 05A42A69291E63560029B281 /* InfoViewController.swift */; };
		05A42A6C291E637C0029B281 /* ResultViewController.swift in Sources */ = {isa = PBXBuildFile; fileRef = 05A42A6B291E637C0029B281 /* ResultViewController.swift */; };
		05A42A6E291E63930029B281 /* SettingViewController.swift in Sources */ = {isa = PBXBuildFile; fileRef = 05A42A6D291E63930029B281 /* SettingViewController.swift */; };
		05AEB2172915232800869495 /* AccessViewController.swift in Sources */ = {isa = PBXBuildFile; fileRef = 05AEB2162915232800869495 /* AccessViewController.swift */; };
		05AEB219291527F100869495 /* GraphViewController.swift in Sources */ = {isa = PBXBuildFile; fileRef = 05AEB218291527F100869495 /* GraphViewController.swift */; };
		AB526D94A8F9BB67610AFB06 /* Pods_HealthKitEdition.framework in Frameworks */ = {isa = PBXBuildFile; fileRef = B3F352E4FD0E4657C7A3FD54 /* Pods_HealthKitEdition.framework */; };
/* End PBXBuildFile section */

/* Begin PBXFileReference section */
		0594A3A728DDC783003966EE /* HealthKitEdition.app */ = {isa = PBXFileReference; explicitFileType = wrapper.application; includeInIndex = 0; path = HealthKitEdition.app; sourceTree = BUILT_PRODUCTS_DIR; };
		0594A3AA28DDC783003966EE /* AppDelegate.swift */ = {isa = PBXFileReference; lastKnownFileType = sourcecode.swift; path = AppDelegate.swift; sourceTree = "<group>"; };
		0594A3AC28DDC783003966EE /* SceneDelegate.swift */ = {isa = PBXFileReference; lastKnownFileType = sourcecode.swift; path = SceneDelegate.swift; sourceTree = "<group>"; };
		0594A3AE28DDC783003966EE /* ViewController.swift */ = {isa = PBXFileReference; lastKnownFileType = sourcecode.swift; path = ViewController.swift; sourceTree = "<group>"; };
		0594A3B128DDC783003966EE /* Base */ = {isa = PBXFileReference; lastKnownFileType = file.storyboard; name = Base; path = Base.lproj/Main.storyboard; sourceTree = "<group>"; };
		0594A3B328DDC785003966EE /* Assets.xcassets */ = {isa = PBXFileReference; lastKnownFileType = folder.assetcatalog; path = Assets.xcassets; sourceTree = "<group>"; };
		0594A3B628DDC785003966EE /* Base */ = {isa = PBXFileReference; lastKnownFileType = file.storyboard; name = Base; path = Base.lproj/LaunchScreen.storyboard; sourceTree = "<group>"; };
		0594A3B828DDC785003966EE /* Info.plist */ = {isa = PBXFileReference; lastKnownFileType = text.plist.xml; path = Info.plist; sourceTree = "<group>"; };
		05A42A69291E63560029B281 /* InfoViewController.swift */ = {isa = PBXFileReference; lastKnownFileType = sourcecode.swift; path = InfoViewController.swift; sourceTree = "<group>"; };
		05A42A6B291E637C0029B281 /* ResultViewController.swift */ = {isa = PBXFileReference; lastKnownFileType = sourcecode.swift; path = ResultViewController.swift; sourceTree = "<group>"; };
		05A42A6D291E63930029B281 /* SettingViewController.swift */ = {isa = PBXFileReference; lastKnownFileType = sourcecode.swift; path = SettingViewController.swift; sourceTree = "<group>"; };
		05AEB2162915232800869495 /* AccessViewController.swift */ = {isa = PBXFileReference; lastKnownFileType = sourcecode.swift; path = AccessViewController.swift; sourceTree = "<group>"; };
		05AEB218291527F100869495 /* GraphViewController.swift */ = {isa = PBXFileReference; lastKnownFileType = sourcecode.swift; path = GraphViewController.swift; sourceTree = "<group>"; };
		B27AEFD1E3ACDCA98D3E19FD /* Pods-HealthKitEdition.debug.xcconfig */ = {isa = PBXFileReference; includeInIndex = 1; lastKnownFileType = text.xcconfig; name = "Pods-HealthKitEdition.debug.xcconfig"; path = "Target Support Files/Pods-HealthKitEdition/Pods-HealthKitEdition.debug.xcconfig"; sourceTree = "<group>"; };
		B3F352E4FD0E4657C7A3FD54 /* Pods_HealthKitEdition.framework */ = {isa = PBXFileReference; explicitFileType = wrapper.framework; includeInIndex = 0; path = Pods_HealthKitEdition.framework; sourceTree = BUILT_PRODUCTS_DIR; };
		C3DC2107178C2158A29B7076 /* Pods-HealthKitEdition.release.xcconfig */ = {isa = PBXFileReference; includeInIndex = 1; lastKnownFileType = text.xcconfig; name = "Pods-HealthKitEdition.release.xcconfig"; path = "Target Support Files/Pods-HealthKitEdition/Pods-HealthKitEdition.release.xcconfig"; sourceTree = "<group>"; };
/* End PBXFileReference section */

/* Begin PBXFrameworksBuildPhase section */
		0594A3A428DDC783003966EE /* Frameworks */ = {
			isa = PBXFrameworksBuildPhase;
			buildActionMask = 2147483647;
			files = (
				AB526D94A8F9BB67610AFB06 /* Pods_HealthKitEdition.framework in Frameworks */,
			);
			runOnlyForDeploymentPostprocessing = 0;
		};
/* End PBXFrameworksBuildPhase section */

/* Begin PBXGroup section */
		003436A2E38EE90EB385D948 /* Pods */ = {
			isa = PBXGroup;
			children = (
				B27AEFD1E3ACDCA98D3E19FD /* Pods-HealthKitEdition.debug.xcconfig */,
				C3DC2107178C2158A29B7076 /* Pods-HealthKitEdition.release.xcconfig */,
			);
			path = Pods;
			sourceTree = "<group>";
		};
		0594A39E28DDC783003966EE = {
			isa = PBXGroup;
			children = (
				0594A3A928DDC783003966EE /* HealthKitEdition */,
				0594A3A828DDC783003966EE /* Products */,
				003436A2E38EE90EB385D948 /* Pods */,
				FC28BC167DCD72110246AD8A /* Frameworks */,
			);
			sourceTree = "<group>";
		};
		0594A3A828DDC783003966EE /* Products */ = {
			isa = PBXGroup;
			children = (
				0594A3A728DDC783003966EE /* HealthKitEdition.app */,
			);
			name = Products;
			sourceTree = "<group>";
		};
		0594A3A928DDC783003966EE /* HealthKitEdition */ = {
			isa = PBXGroup;
			children = (
				0594A3AA28DDC783003966EE /* AppDelegate.swift */,
				0594A3AC28DDC783003966EE /* SceneDelegate.swift */,
				0594A3B028DDC783003966EE /* Main.storyboard */,
				0594A3AE28DDC783003966EE /* ViewController.swift */,
				05AEB218291527F100869495 /* GraphViewController.swift */,
				05A42A69291E63560029B281 /* InfoViewController.swift */,
				05A42A6B291E637C0029B281 /* ResultViewController.swift */,
				05A42A6D291E63930029B281 /* SettingViewController.swift */,
				05AEB2162915232800869495 /* AccessViewController.swift */,
				0594A3B328DDC785003966EE /* Assets.xcassets */,
				0594A3B528DDC785003966EE /* LaunchScreen.storyboard */,
				0594A3B828DDC785003966EE /* Info.plist */,
			);
			path = HealthKitEdition;
			sourceTree = "<group>";
		};
		FC28BC167DCD72110246AD8A /* Frameworks */ = {
			isa = PBXGroup;
			children = (
				B3F352E4FD0E4657C7A3FD54 /* Pods_HealthKitEdition.framework */,
			);
			name = Frameworks;
			sourceTree = "<group>";
		};
/* End PBXGroup section */

/* Begin PBXNativeTarget section */
		0594A3A628DDC783003966EE /* HealthKitEdition */ = {
			isa = PBXNativeTarget;
			buildConfigurationList = 0594A3BB28DDC785003966EE /* Build configuration list for PBXNativeTarget "HealthKitEdition" */;
			buildPhases = (
				D0E6723E85B6B7106977B992 /* [CP] Check Pods Manifest.lock */,
				0594A3A328DDC783003966EE /* Sources */,
				0594A3A428DDC783003966EE /* Frameworks */,
				0594A3A528DDC783003966EE /* Resources */,
				D5070A67803302B2B4B6E7CB /* [CP] Embed Pods Frameworks */,
			);
			buildRules = (
			);
			dependencies = (
			);
			name = HealthKitEdition;
			productName = HealthKitEdition;
			productReference = 0594A3A728DDC783003966EE /* HealthKitEdition.app */;
			productType = "com.apple.product-type.application";
		};
/* End PBXNativeTarget section */

/* Begin PBXProject section */
		0594A39F28DDC783003966EE /* Project object */ = {
			isa = PBXProject;
			attributes = {
				BuildIndependentTargetsInParallel = 1;
				LastSwiftUpdateCheck = 1340;
				LastUpgradeCheck = 1340;
				TargetAttributes = {
					0594A3A628DDC783003966EE = {
						CreatedOnToolsVersion = 13.4.1;
					};
				};
			};
			buildConfigurationList = 0594A3A228DDC783003966EE /* Build configuration list for PBXProject "HealthKitEdition" */;
			compatibilityVersion = "Xcode 13.0";
			developmentRegion = en;
			hasScannedForEncodings = 0;
			knownRegions = (
				en,
				Base,
			);
			mainGroup = 0594A39E28DDC783003966EE;
			productRefGroup = 0594A3A828DDC783003966EE /* Products */;
			projectDirPath = "";
			projectRoot = "";
			targets = (
				0594A3A628DDC783003966EE /* HealthKitEdition */,
			);
		};
/* End PBXProject section */

/* Begin PBXResourcesBuildPhase section */
		0594A3A528DDC783003966EE /* Resources */ = {
			isa = PBXResourcesBuildPhase;
			buildActionMask = 2147483647;
			files = (
				0594A3B728DDC785003966EE /* LaunchScreen.storyboard in Resources */,
				0594A3B428DDC785003966EE /* Assets.xcassets in Resources */,
				0594A3B228DDC783003966EE /* Main.storyboard in Resources */,
			);
			runOnlyForDeploymentPostprocessing = 0;
		};
/* End PBXResourcesBuildPhase section */

/* Begin PBXShellScriptBuildPhase section */
		D0E6723E85B6B7106977B992 /* [CP] Check Pods Manifest.lock */ = {
			isa = PBXShellScriptBuildPhase;
			buildActionMask = 2147483647;
			files = (
			);
			inputFileListPaths = (
			);
			inputPaths = (
				"${PODS_PODFILE_DIR_PATH}/Podfile.lock",
				"${PODS_ROOT}/Manifest.lock",
			);
			name = "[CP] Check Pods Manifest.lock";
			outputFileListPaths = (
			);
			outputPaths = (
				"$(DERIVED_FILE_DIR)/Pods-HealthKitEdition-checkManifestLockResult.txt",
			);
			runOnlyForDeploymentPostprocessing = 0;
			shellPath = /bin/sh;
			shellScript = "diff \"${PODS_PODFILE_DIR_PATH}/Podfile.lock\" \"${PODS_ROOT}/Manifest.lock\" > /dev/null\nif [ $? != 0 ] ; then\n    # print error to STDERR\n    echo \"error: The sandbox is not in sync with the Podfile.lock. Run 'pod install' or update your CocoaPods installation.\" >&2\n    exit 1\nfi\n# This output is used by Xcode 'outputs' to avoid re-running this script phase.\necho \"SUCCESS\" > \"${SCRIPT_OUTPUT_FILE_0}\"\n";
			showEnvVarsInLog = 0;
		};
		D5070A67803302B2B4B6E7CB /* [CP] Embed Pods Frameworks */ = {
			isa = PBXShellScriptBuildPhase;
			buildActionMask = 2147483647;
			files = (
			);
			inputFileListPaths = (
				"${PODS_ROOT}/Target Support Files/Pods-HealthKitEdition/Pods-HealthKitEdition-frameworks-${CONFIGURATION}-input-files.xcfilelist",
			);
			name = "[CP] Embed Pods Frameworks";
			outputFileListPaths = (
				"${PODS_ROOT}/Target Support Files/Pods-HealthKitEdition/Pods-HealthKitEdition-frameworks-${CONFIGURATION}-output-files.xcfilelist",
			);
			runOnlyForDeploymentPostprocessing = 0;
			shellPath = /bin/sh;
			shellScript = "\"${PODS_ROOT}/Target Support Files/Pods-HealthKitEdition/Pods-HealthKitEdition-frameworks.sh\"\n";
			showEnvVarsInLog = 0;
		};
/* End PBXShellScriptBuildPhase section */

/* Begin PBXSourcesBuildPhase section */
		0594A3A328DDC783003966EE /* Sources */ = {
			isa = PBXSourcesBuildPhase;
			buildActionMask = 2147483647;
			files = (
				0594A3AF28DDC783003966EE /* ViewController.swift in Sources */,
				05AEB219291527F100869495 /* GraphViewController.swift in Sources */,
				05A42A6C291E637C0029B281 /* ResultViewController.swift in Sources */,
				05A42A6E291E63930029B281 /* SettingViewController.swift in Sources */,
				0594A3AB28DDC783003966EE /* AppDelegate.swift in Sources */,
				05AEB2172915232800869495 /* AccessViewController.swift in Sources */,
				05A42A6A291E63560029B281 /* InfoViewController.swift in Sources */,
				0594A3AD28DDC783003966EE /* SceneDelegate.swift in Sources */,
			);
			runOnlyForDeploymentPostprocessing = 0;
		};
/* End PBXSourcesBuildPhase section */

/* Begin PBXVariantGroup section */
		0594A3B028DDC783003966EE /* Main.storyboard */ = {
			isa = PBXVariantGroup;
			children = (
				0594A3B128DDC783003966EE /* Base */,
			);
			name = Main.storyboard;
			sourceTree = "<group>";
		};
		0594A3B528DDC785003966EE /* LaunchScreen.storyboard */ = {
			isa = PBXVariantGroup;
			children = (
				0594A3B628DDC785003966EE /* Base */,
			);
			name = LaunchScreen.storyboard;
			sourceTree = "<group>";
		};
/* End PBXVariantGroup section */

/* Begin XCBuildConfiguration section */
		0594A3B928DDC785003966EE /* Debug */ = {
			isa = XCBuildConfiguration;
			buildSettings = {
				ALWAYS_SEARCH_USER_PATHS = NO;
				CLANG_ANALYZER_NONNULL = YES;
				CLANG_ANALYZER_NUMBER_OBJECT_CONVERSION = YES_AGGRESSIVE;
				CLANG_CXX_LANGUAGE_STANDARD = "gnu++17";
				CLANG_ENABLE_MODULES = YES;
				CLANG_ENABLE_OBJC_ARC = YES;
				CLANG_ENABLE_OBJC_WEAK = YES;
				CLANG_WARN_BLOCK_CAPTURE_AUTORELEASING = YES;
				CLANG_WARN_BOOL_CONVERSION = YES;
				CLANG_WARN_COMMA = YES;
				CLANG_WARN_CONSTANT_CONVERSION = YES;
				CLANG_WARN_DEPRECATED_OBJC_IMPLEMENTATIONS = YES;
				CLANG_WARN_DIRECT_OBJC_ISA_USAGE = YES_ERROR;
				CLANG_WARN_DOCUMENTATION_COMMENTS = YES;
				CLANG_WARN_EMPTY_BODY = YES;
				CLANG_WARN_ENUM_CONVERSION = YES;
				CLANG_WARN_INFINITE_RECURSION = YES;
				CLANG_WARN_INT_CONVERSION = YES;
				CLANG_WARN_NON_LITERAL_NULL_CONVERSION = YES;
				CLANG_WARN_OBJC_IMPLICIT_RETAIN_SELF = YES;
				CLANG_WARN_OBJC_LITERAL_CONVERSION = YES;
				CLANG_WARN_OBJC_ROOT_CLASS = YES_ERROR;
				CLANG_WARN_QUOTED_INCLUDE_IN_FRAMEWORK_HEADER = YES;
				CLANG_WARN_RANGE_LOOP_ANALYSIS = YES;
				CLANG_WARN_STRICT_PROTOTYPES = YES;
				CLANG_WARN_SUSPICIOUS_MOVE = YES;
				CLANG_WARN_UNGUARDED_AVAILABILITY = YES_AGGRESSIVE;
				CLANG_WARN_UNREACHABLE_CODE = YES;
				CLANG_WARN__DUPLICATE_METHOD_MATCH = YES;
				COPY_PHASE_STRIP = NO;
				DEBUG_INFORMATION_FORMAT = dwarf;
				ENABLE_STRICT_OBJC_MSGSEND = YES;
				ENABLE_TESTABILITY = YES;
				GCC_C_LANGUAGE_STANDARD = gnu11;
				GCC_DYNAMIC_NO_PIC = NO;
				GCC_NO_COMMON_BLOCKS = YES;
				GCC_OPTIMIZATION_LEVEL = 0;
				GCC_PREPROCESSOR_DEFINITIONS = (
					"DEBUG=1",
					"$(inherited)",
				);
				GCC_WARN_64_TO_32_BIT_CONVERSION = YES;
				GCC_WARN_ABOUT_RETURN_TYPE = YES_ERROR;
				GCC_WARN_UNDECLARED_SELECTOR = YES;
				GCC_WARN_UNINITIALIZED_AUTOS = YES_AGGRESSIVE;
				GCC_WARN_UNUSED_FUNCTION = YES;
				GCC_WARN_UNUSED_VARIABLE = YES;
				IPHONEOS_DEPLOYMENT_TARGET = 15.5;
				MTL_ENABLE_DEBUG_INFO = INCLUDE_SOURCE;
				MTL_FAST_MATH = YES;
				ONLY_ACTIVE_ARCH = YES;
				SDKROOT = iphoneos;
				SWIFT_ACTIVE_COMPILATION_CONDITIONS = DEBUG;
				SWIFT_OPTIMIZATION_LEVEL = "-Onone";
			};
			name = Debug;
		};
		0594A3BA28DDC785003966EE /* Release */ = {
			isa = XCBuildConfiguration;
			buildSettings = {
				ALWAYS_SEARCH_USER_PATHS = NO;
				CLANG_ANALYZER_NONNULL = YES;
				CLANG_ANALYZER_NUMBER_OBJECT_CONVERSION = YES_AGGRESSIVE;
				CLANG_CXX_LANGUAGE_STANDARD = "gnu++17";
				CLANG_ENABLE_MODULES = YES;
				CLANG_ENABLE_OBJC_ARC = YES;
				CLANG_ENABLE_OBJC_WEAK = YES;
				CLANG_WARN_BLOCK_CAPTURE_AUTORELEASING = YES;
				CLANG_WARN_BOOL_CONVERSION = YES;
				CLANG_WARN_COMMA = YES;
				CLANG_WARN_CONSTANT_CONVERSION = YES;
				CLANG_WARN_DEPRECATED_OBJC_IMPLEMENTATIONS = YES;
				CLANG_WARN_DIRECT_OBJC_ISA_USAGE = YES_ERROR;
				CLANG_WARN_DOCUMENTATION_COMMENTS = YES;
				CLANG_WARN_EMPTY_BODY = YES;
				CLANG_WARN_ENUM_CONVERSION = YES;
				CLANG_WARN_INFINITE_RECURSION = YES;
				CLANG_WARN_INT_CONVERSION = YES;
				CLANG_WARN_NON_LITERAL_NULL_CONVERSION = YES;
				CLANG_WARN_OBJC_IMPLICIT_RETAIN_SELF = YES;
				CLANG_WARN_OBJC_LITERAL_CONVERSION = YES;
				CLANG_WARN_OBJC_ROOT_CLASS = YES_ERROR;
				CLANG_WARN_QUOTED_INCLUDE_IN_FRAMEWORK_HEADER = YES;
				CLANG_WARN_RANGE_LOOP_ANALYSIS = YES;
				CLANG_WARN_STRICT_PROTOTYPES = YES;
				CLANG_WARN_SUSPICIOUS_MOVE = YES;
				CLANG_WARN_UNGUARDED_AVAILABILITY = YES_AGGRESSIVE;
				CLANG_WARN_UNREACHABLE_CODE = YES;
				CLANG_WARN__DUPLICATE_METHOD_MATCH = YES;
				COPY_PHASE_STRIP = NO;
				DEBUG_INFORMATION_FORMAT = "dwarf-with-dsym";
				ENABLE_NS_ASSERTIONS = NO;
				ENABLE_STRICT_OBJC_MSGSEND = YES;
				GCC_C_LANGUAGE_STANDARD = gnu11;
				GCC_NO_COMMON_BLOCKS = YES;
				GCC_WARN_64_TO_32_BIT_CONVERSION = YES;
				GCC_WARN_ABOUT_RETURN_TYPE = YES_ERROR;
				GCC_WARN_UNDECLARED_SELECTOR = YES;
				GCC_WARN_UNINITIALIZED_AUTOS = YES_AGGRESSIVE;
				GCC_WARN_UNUSED_FUNCTION = YES;
				GCC_WARN_UNUSED_VARIABLE = YES;
				IPHONEOS_DEPLOYMENT_TARGET = 15.5;
				MTL_ENABLE_DEBUG_INFO = NO;
				MTL_FAST_MATH = YES;
				SDKROOT = iphoneos;
				SWIFT_COMPILATION_MODE = wholemodule;
				SWIFT_OPTIMIZATION_LEVEL = "-O";
				VALIDATE_PRODUCT = YES;
			};
			name = Release;
		};
		0594A3BC28DDC785003966EE /* Debug */ = {
			isa = XCBuildConfiguration;
			baseConfigurationReference = B27AEFD1E3ACDCA98D3E19FD /* Pods-HealthKitEdition.debug.xcconfig */;
			buildSettings = {
				ASSETCATALOG_COMPILER_APPICON_NAME = AppIcon;
				ASSETCATALOG_COMPILER_GLOBAL_ACCENT_COLOR_NAME = AccentColor;
				CODE_SIGN_STYLE = Automatic;
				CURRENT_PROJECT_VERSION = 1;
				DEVELOPMENT_TEAM = 7286NFB3F4;
				GENERATE_INFOPLIST_FILE = YES;
				INFOPLIST_FILE = HealthKitEdition/Info.plist;
				INFOPLIST_KEY_UIApplicationSupportsIndirectInputEvents = YES;
				INFOPLIST_KEY_UILaunchStoryboardName = LaunchScreen;
				INFOPLIST_KEY_UIMainStoryboardFile = Main;
				INFOPLIST_KEY_UISupportedInterfaceOrientations_iPad = "UIInterfaceOrientationPortrait UIInterfaceOrientationPortraitUpsideDown UIInterfaceOrientationLandscapeLeft UIInterfaceOrientationLandscapeRight";
				INFOPLIST_KEY_UISupportedInterfaceOrientations_iPhone = "UIInterfaceOrientationPortrait UIInterfaceOrientationLandscapeLeft UIInterfaceOrientationLandscapeRight";
				LD_RUNPATH_SEARCH_PATHS = (
					"$(inherited)",
					"@executable_path/Frameworks",
				);
				MARKETING_VERSION = 1.0;
				PRODUCT_BUNDLE_IDENTIFIER = com.app.airi.HealthKitEdition;
				PRODUCT_NAME = "$(TARGET_NAME)";
				SWIFT_EMIT_LOC_STRINGS = YES;
				SWIFT_VERSION = 5.0;
				TARGETED_DEVICE_FAMILY = "1,2";
			};
			name = Debug;
		};
		0594A3BD28DDC785003966EE /* Release */ = {
			isa = XCBuildConfiguration;
			baseConfigurationReference = C3DC2107178C2158A29B7076 /* Pods-HealthKitEdition.release.xcconfig */;
			buildSettings = {
				ASSETCATALOG_COMPILER_APPICON_NAME = AppIcon;
				ASSETCATALOG_COMPILER_GLOBAL_ACCENT_COLOR_NAME = AccentColor;
				CODE_SIGN_STYLE = Automatic;
				CURRENT_PROJECT_VERSION = 1;
				DEVELOPMENT_TEAM = 7286NFB3F4;
				GENERATE_INFOPLIST_FILE = YES;
				INFOPLIST_FILE = HealthKitEdition/Info.plist;
				INFOPLIST_KEY_UIApplicationSupportsIndirectInputEvents = YES;
				INFOPLIST_KEY_UILaunchStoryboardName = LaunchScreen;
				INFOPLIST_KEY_UIMainStoryboardFile = Main;
				INFOPLIST_KEY_UISupportedInterfaceOrientations_iPad = "UIInterfaceOrientationPortrait UIInterfaceOrientationPortraitUpsideDown UIInterfaceOrientationLandscapeLeft UIInterfaceOrientationLandscapeRight";
				INFOPLIST_KEY_UISupportedInterfaceOrientations_iPhone = "UIInterfaceOrientationPortrait UIInterfaceOrientationLandscapeLeft UIInterfaceOrientationLandscapeRight";
				LD_RUNPATH_SEARCH_PATHS = (
					"$(inherited)",
					"@executable_path/Frameworks",
				);
				MARKETING_VERSION = 1.0;
				PRODUCT_BUNDLE_IDENTIFIER = com.app.airi.HealthKitEdition;
				PRODUCT_NAME = "$(TARGET_NAME)";
				SWIFT_EMIT_LOC_STRINGS = YES;
				SWIFT_VERSION = 5.0;
				TARGETED_DEVICE_FAMILY = "1,2";
			};
			name = Release;
		};
/* End XCBuildConfiguration section */

/* Begin XCConfigurationList section */
		0594A3A228DDC783003966EE /* Build configuration list for PBXProject "HealthKitEdition" */ = {
			isa = XCConfigurationList;
			buildConfigurations = (
				0594A3B928DDC785003966EE /* Debug */,
				0594A3BA28DDC785003966EE /* Release */,
			);
			defaultConfigurationIsVisible = 0;
			defaultConfigurationName = Release;
		};
		0594A3BB28DDC785003966EE /* Build configuration list for PBXNativeTarget "HealthKitEdition" */ = {
			isa = XCConfigurationList;
			buildConfigurations = (
				0594A3BC28DDC785003966EE /* Debug */,
				0594A3BD28DDC785003966EE /* Release */,
			);
			defaultConfigurationIsVisible = 0;
			defaultConfigurationName = Release;
		};
/* End XCConfigurationList section */
	};
	rootObject = 0594A39F28DDC783003966EE /* Project object */;
}
